
Microsoft Visual Studio Solution File, Format Version 12.00
# Visual Studio Version 16
VisualStudioVersion = 16.0.29519.87
MinimumVisualStudioVersion = 10.0.40219.1
Project("{FAE04EC0-301F-11D3-BF4B-00C04F79EFBC}") = "HelloWorld", "HelloWorld\HelloWorld.csproj", "{19C272AA-3AD2-4D36-8125-E742BAC53853}"
EndProject
Project("{FAE04EC0-301F-11D3-BF4B-00C04F79EFBC}") = "HelloWorld.Tests", "HelloWorld.Tests\HelloWorld.Tests.csproj", "{8E7CA37A-6C8A-48DE-9235-F11FB367AD60}"
EndProject
Global
	GlobalSection(SolutionConfigurationPlatforms) = preSolution
		Debug|Any CPU = Debug|Any CPU
		Release|Any CPU = Release|Any CPU
	EndGlobalSection
	GlobalSection(ProjectConfigurationPlatforms) = postSolution
		{19C272AA-3AD2-4D36-8125-E742BAC53853}.Debug|Any CPU.ActiveCfg = Debug|Any CPU
		{19C272AA-3AD2-4D36-8125-E742BAC53853}.Debug|Any CPU.Build.0 = Debug|Any CPU
		{19C272AA-3AD2-4D36-8125-E742BAC53853}.Release|Any CPU.ActiveCfg = Release|Any CPU
		{19C272AA-3AD2-4D36-8125-E742BAC53853}.Release|Any CPU.Build.0 = Release|Any CPU
		{8E7CA37A-6C8A-48DE-9235-F11FB367AD60}.Debug|Any CPU.ActiveCfg = Debug|Any CPU
		{8E7CA37A-6C8A-48DE-9235-F11FB367AD60}.Debug|Any CPU.Build.0 = Debug|Any CPU
		{8E7CA37A-6C8A-48DE-9235-F11FB367AD60}.Release|Any CPU.ActiveCfg = Release|Any CPU
		{8E7CA37A-6C8A-48DE-9235-F11FB367AD60}.Release|Any CPU.Build.0 = Release|Any CPU
	EndGlobalSection
	GlobalSection(SolutionProperties) = preSolution
		HideSolutionNode = FALSE
	EndGlobalSection
	GlobalSection(ExtensibilityGlobals) = postSolution
		SolutionGuid = {FC9216EA-EA19-4480-888F-DB4E9B0BD1C3}
	EndGlobalSection
EndGlobal
